// !$*UTF8*$!
{
	archiveVersion = 1;
	classes = {
	};
	objectVersion = 55;
	objects = {

/* Begin PBXBuildFile section */
		9D051FEA274CFE2300AA13EB /* AppDelegate.swift in Sources */ = {isa = PBXBuildFile; fileRef = 9D051FE9274CFE2300AA13EB /* AppDelegate.swift */; };
		9D051FEC274CFE2300AA13EB /* SceneDelegate.swift in Sources */ = {isa = PBXBuildFile; fileRef = 9D051FEB274CFE2300AA13EB /* SceneDelegate.swift */; };
		9D051FEE274CFE2300AA13EB /* ViewController.swift in Sources */ = {isa = PBXBuildFile; fileRef = 9D051FED274CFE2300AA13EB /* ViewController.swift */; };
		9D051FF1274CFE2300AA13EB /* Main.storyboard in Resources */ = {isa = PBXBuildFile; fileRef = 9D051FEF274CFE2300AA13EB /* Main.storyboard */; };
		9D051FF3274CFE2400AA13EB /* Assets.xcassets in Resources */ = {isa = PBXBuildFile; fileRef = 9D051FF2274CFE2400AA13EB /* Assets.xcassets */; };
		9D051FF6274CFE2400AA13EB /* LaunchScreen.storyboard in Resources */ = {isa = PBXBuildFile; fileRef = 9D051FF4274CFE2400AA13EB /* LaunchScreen.storyboard */; };
		9D052001274CFE2400AA13EB /* H_W_Dammam_cityTests.swift in Sources */ = {isa = PBXBuildFile; fileRef = 9D052000274CFE2400AA13EB /* H_W_Dammam_cityTests.swift */; };
		9D05200B274CFE2500AA13EB /* H_W_Dammam_cityUITests.swift in Sources */ = {isa = PBXBuildFile; fileRef = 9D05200A274CFE2500AA13EB /* H_W_Dammam_cityUITests.swift */; };
		9D05200D274CFE2500AA13EB /* H_W_Dammam_cityUITestsLaunchTests.swift in Sources */ = {isa = PBXBuildFile; fileRef = 9D05200C274CFE2500AA13EB /* H_W_Dammam_cityUITestsLaunchTests.swift */; };
/* End PBXBuildFile section */

/* Begin PBXContainerItemProxy section */
		9D051FFD274CFE2400AA13EB /* PBXContainerItemProxy */ = {
			isa = PBXContainerItemProxy;
			containerPortal = 9D051FDE274CFE2300AA13EB /* Project object */;
			proxyType = 1;
			remoteGlobalIDString = 9D051FE5274CFE2300AA13EB;
			remoteInfo = "H.W Dammam city";
		};
		9D052007274CFE2500AA13EB /* PBXContainerItemProxy */ = {
			isa = PBXContainerItemProxy;
			containerPortal = 9D051FDE274CFE2300AA13EB /* Project object */;
			proxyType = 1;
			remoteGlobalIDString = 9D051FE5274CFE2300AA13EB;
			remoteInfo = "H.W Dammam city";
		};
/* End PBXContainerItemProxy section */

/* Begin PBXFileReference section */
		9D051FE6274CFE2300AA13EB /* H.W Dammam city.app */ = {isa = PBXFileReference; explicitFileType = wrapper.application; includeInIndex = 0; path = "H.W Dammam city.app"; sourceTree = BUILT_PRODUCTS_DIR; };
		9D051FE9274CFE2300AA13EB /* AppDelegate.swift */ = {isa = PBXFileReference; lastKnownFileType = sourcecode.swift; path = AppDelegate.swift; sourceTree = "<group>"; };
		9D051FEB274CFE2300AA13EB /* SceneDelegate.swift */ = {isa = PBXFileReference; lastKnownFileType = sourcecode.swift; path = SceneDelegate.swift; sourceTree = "<group>"; };
		9D051FED274CFE2300AA13EB /* ViewController.swift */ = {isa = PBXFileReference; lastKnownFileType = sourcecode.swift; path = ViewController.swift; sourceTree = "<group>"; };
		9D051FF0274CFE2300AA13EB /* Base */ = {isa = PBXFileReference; lastKnownFileType = file.storyboard; name = Base; path = Base.lproj/Main.storyboard; sourceTree = "<group>"; };
		9D051FF2274CFE2400AA13EB /* Assets.xcassets */ = {isa = PBXFileReference; lastKnownFileType = folder.assetcatalog; path = Assets.xcassets; sourceTree = "<group>"; };
		9D051FF5274CFE2400AA13EB /* Base */ = {isa = PBXFileReference; lastKnownFileType = file.storyboard; name = Base; path = Base.lproj/LaunchScreen.storyboard; sourceTree = "<group>"; };
		9D051FF7274CFE2400AA13EB /* Info.plist */ = {isa = PBXFileReference; lastKnownFileType = text.plist.xml; path = Info.plist; sourceTree = "<group>"; };
		9D051FFC274CFE2400AA13EB /* H.W Dammam cityTests.xctest */ = {isa = PBXFileReference; explicitFileType = wrapper.cfbundle; includeInIndex = 0; path = "H.W Dammam cityTests.xctest"; sourceTree = BUILT_PRODUCTS_DIR; };
		9D052000274CFE2400AA13EB /* H_W_Dammam_cityTests.swift */ = {isa = PBXFileReference; lastKnownFileType = sourcecode.swift; path = H_W_Dammam_cityTests.swift; sourceTree = "<group>"; };
		9D052006274CFE2500AA13EB /* H.W Dammam cityUITests.xctest */ = {isa = PBXFileReference; explicitFileType = wrapper.cfbundle; includeInIndex = 0; path = "H.W Dammam cityUITests.xctest"; sourceTree = BUILT_PRODUCTS_DIR; };
		9D05200A274CFE2500AA13EB /* H_W_Dammam_cityUITests.swift */ = {isa = PBXFileReference; lastKnownFileType = sourcecode.swift; path = H_W_Dammam_cityUITests.swift; sourceTree = "<group>"; };
		9D05200C274CFE2500AA13EB /* H_W_Dammam_cityUITestsLaunchTests.swift */ = {isa = PBXFileReference; lastKnownFileType = sourcecode.swift; path = H_W_Dammam_cityUITestsLaunchTests.swift; sourceTree = "<group>"; };
/* End PBXFileReference section */

/* Begin PBXFrameworksBuildPhase section */
		9D051FE3274CFE2300AA13EB /* Frameworks */ = {
			isa = PBXFrameworksBuildPhase;
			buildActionMask = 2147483647;
			files = (
			);
			runOnlyForDeploymentPostprocessing = 0;
		};
		9D051FF9274CFE2400AA13EB /* Frameworks */ = {
			isa = PBXFrameworksBuildPhase;
			buildActionMask = 2147483647;
			files = (
			);
			runOnlyForDeploymentPostprocessing = 0;
		};
		9D052003274CFE2500AA13EB /* Frameworks */ = {
			isa = PBXFrameworksBuildPhase;
			buildActionMask = 2147483647;
			files = (
			);
			runOnlyForDeploymentPostprocessing = 0;
		};
/* End PBXFrameworksBuildPhase section */

/* Begin PBXGroup section */
		9D051FDD274CFE2300AA13EB = {
			isa = PBXGroup;
			children = (
				9D051FE8274CFE2300AA13EB /* H.W Dammam city */,
				9D051FFF274CFE2400AA13EB /* H.W Dammam cityTests */,
				9D052009274CFE2500AA13EB /* H.W Dammam cityUITests */,
				9D051FE7274CFE2300AA13EB /* Products */,
			);
			sourceTree = "<group>";
		};
		9D051FE7274CFE2300AA13EB /* Products */ = {
			isa = PBXGroup;
			children = (
				9D051FE6274CFE2300AA13EB /* H.W Dammam city.app */,
				9D051FFC274CFE2400AA13EB /* H.W Dammam cityTests.xctest */,
				9D052006274CFE2500AA13EB /* H.W Dammam cityUITests.xctest */,
			);
			name = Products;
			sourceTree = "<group>";
		};
		9D051FE8274CFE2300AA13EB /* H.W Dammam city */ = {
			isa = PBXGroup;
			children = (
				9D051FE9274CFE2300AA13EB /* AppDelegate.swift */,
				9D051FEB274CFE2300AA13EB /* SceneDelegate.swift */,
				9D051FED274CFE2300AA13EB /* ViewController.swift */,
				9D051FEF274CFE2300AA13EB /* Main.storyboard */,
				9D051FF2274CFE2400AA13EB /* Assets.xcassets */,
				9D051FF4274CFE2400AA13EB /* LaunchScreen.storyboard */,
				9D051FF7274CFE2400AA13EB /* Info.plist */,
			);
			path = "H.W Dammam city";
			sourceTree = "<group>";
		};
		9D051FFF274CFE2400AA13EB /* H.W Dammam cityTests */ = {
			isa = PBXGroup;
			children = (
				9D052000274CFE2400AA13EB /* H_W_Dammam_cityTests.swift */,
			);
			path = "H.W Dammam cityTests";
			sourceTree = "<group>";
		};
		9D052009274CFE2500AA13EB /* H.W Dammam cityUITests */ = {
			isa = PBXGroup;
			children = (
				9D05200A274CFE2500AA13EB /* H_W_Dammam_cityUITests.swift */,
				9D05200C274CFE2500AA13EB /* H_W_Dammam_cityUITestsLaunchTests.swift */,
			);
			path = "H.W Dammam cityUITests";
			sourceTree = "<group>";
		};
/* End PBXGroup section */

/* Begin PBXNativeTarget section */
		9D051FE5274CFE2300AA13EB /* H.W Dammam city */ = {
			isa = PBXNativeTarget;
			buildConfigurationList = 9D052010274CFE2500AA13EB /* Build configuration list for PBXNativeTarget "H.W Dammam city" */;
			buildPhases = (
				9D051FE2274CFE2300AA13EB /* Sources */,
				9D051FE3274CFE2300AA13EB /* Frameworks */,
				9D051FE4274CFE2300AA13EB /* Resources */,
			);
			buildRules = (
			);
			dependencies = (
			);
			name = "H.W Dammam city";
			productName = "H.W Dammam city";
			productReference = 9D051FE6274CFE2300AA13EB /* H.W Dammam city.app */;
			productType = "com.apple.product-type.application";
		};
		9D051FFB274CFE2400AA13EB /* H.W Dammam cityTests */ = {
			isa = PBXNativeTarget;
			buildConfigurationList = 9D052013274CFE2500AA13EB /* Build configuration list for PBXNativeTarget "H.W Dammam cityTests" */;
			buildPhases = (
				9D051FF8274CFE2400AA13EB /* Sources */,
				9D051FF9274CFE2400AA13EB /* Frameworks */,
				9D051FFA274CFE2400AA13EB /* Resources */,
			);
			buildRules = (
			);
			dependencies = (
				9D051FFE274CFE2400AA13EB /* PBXTargetDependency */,
			);
			name = "H.W Dammam cityTests";
			productName = "H.W Dammam cityTests";
			productReference = 9D051FFC274CFE2400AA13EB /* H.W Dammam cityTests.xctest */;
			productType = "com.apple.product-type.bundle.unit-test";
		};
		9D052005274CFE2500AA13EB /* H.W Dammam cityUITests */ = {
			isa = PBXNativeTarget;
			buildConfigurationList = 9D052016274CFE2500AA13EB /* Build configuration list for PBXNativeTarget "H.W Dammam cityUITests" */;
			buildPhases = (
				9D052002274CFE2500AA13EB /* Sources */,
				9D052003274CFE2500AA13EB /* Frameworks */,
				9D052004274CFE2500AA13EB /* Resources */,
			);
			buildRules = (
			);
			dependencies = (
				9D052008274CFE2500AA13EB /* PBXTargetDependency */,
			);
			name = "H.W Dammam cityUITests";
			productName = "H.W Dammam cityUITests";
			productReference = 9D052006274CFE2500AA13EB /* H.W Dammam cityUITests.xctest */;
			productType = "com.apple.product-type.bundle.ui-testing";
		};
/* End PBXNativeTarget section */

/* Begin PBXProject section */
		9D051FDE274CFE2300AA13EB /* Project object */ = {
			isa = PBXProject;
			attributes = {
				BuildIndependentTargetsInParallel = 1;
				LastSwiftUpdateCheck = 1310;
				LastUpgradeCheck = 1310;
				TargetAttributes = {
					9D051FE5274CFE2300AA13EB = {
						CreatedOnToolsVersion = 13.1;
					};
					9D051FFB274CFE2400AA13EB = {
						CreatedOnToolsVersion = 13.1;
						TestTargetID = 9D051FE5274CFE2300AA13EB;
					};
					9D052005274CFE2500AA13EB = {
						CreatedOnToolsVersion = 13.1;
						TestTargetID = 9D051FE5274CFE2300AA13EB;
					};
				};
			};
			buildConfigurationList = 9D051FE1274CFE2300AA13EB /* Build configuration list for PBXProject "H.W Dammam city" */;
			compatibilityVersion = "Xcode 13.0";
			developmentRegion = en;
			hasScannedForEncodings = 0;
			knownRegions = (
				en,
				Base,
			);
			mainGroup = 9D051FDD274CFE2300AA13EB;
			productRefGroup = 9D051FE7274CFE2300AA13EB /* Products */;
			projectDirPath = "";
			projectRoot = "";
			targets = (
				9D051FE5274CFE2300AA13EB /* H.W Dammam city */,
				9D051FFB274CFE2400AA13EB /* H.W Dammam cityTests */,
				9D052005274CFE2500AA13EB /* H.W Dammam cityUITests */,
			);
		};
/* End PBXProject section */

/* Begin PBXResourcesBuildPhase section */
		9D051FE4274CFE2300AA13EB /* Resources */ = {
			isa = PBXResourcesBuildPhase;
			buildActionMask = 2147483647;
			files = (
				9D051FF6274CFE2400AA13EB /* LaunchScreen.storyboard in Resources */,
				9D051FF3274CFE2400AA13EB /* Assets.xcassets in Resources */,
				9D051FF1274CFE2300AA13EB /* Main.storyboard in Resources */,
			);
			runOnlyForDeploymentPostprocessing = 0;
		};
		9D051FFA274CFE2400AA13EB /* Resources */ = {
			isa = PBXResourcesBuildPhase;
			buildActionMask = 2147483647;
			files = (
			);
			runOnlyForDeploymentPostprocessing = 0;
		};
		9D052004274CFE2500AA13EB /* Resources */ = {
			isa = PBXResourcesBuildPhase;
			buildActionMask = 2147483647;
			files = (
			);
			runOnlyForDeploymentPostprocessing = 0;
		};
/* End PBXResourcesBuildPhase section */

/* Begin PBXSourcesBuildPhase section */
		9D051FE2274CFE2300AA13EB /* Sources */ = {
			isa = PBXSourcesBuildPhase;
			buildActionMask = 2147483647;
			files = (
				9D051FEE274CFE2300AA13EB /* ViewController.swift in Sources */,
				9D051FEA274CFE2300AA13EB /* AppDelegate.swift in Sources */,
				9D051FEC274CFE2300AA13EB /* SceneDelegate.swift in Sources */,
			);
			runOnlyForDeploymentPostprocessing = 0;
		};
		9D051FF8274CFE2400AA13EB /* Sources */ = {
			isa = PBXSourcesBuildPhase;
			buildActionMask = 2147483647;
			files = (
				9D052001274CFE2400AA13EB /* H_W_Dammam_cityTests.swift in Sources */,
			);
			runOnlyForDeploymentPostprocessing = 0;
		};
		9D052002274CFE2500AA13EB /* Sources */ = {
			isa = PBXSourcesBuildPhase;
			buildActionMask = 2147483647;
			files = (
				9D05200B274CFE2500AA13EB /* H_W_Dammam_cityUITests.swift in Sources */,
				9D05200D274CFE2500AA13EB /* H_W_Dammam_cityUITestsLaunchTests.swift in Sources */,
			);
			runOnlyForDeploymentPostprocessing = 0;
		};
/* End PBXSourcesBuildPhase section */

/* Begin PBXTargetDependency section */
		9D051FFE274CFE2400AA13EB /* PBXTargetDependency */ = {
			isa = PBXTargetDependency;
			target = 9D051FE5274CFE2300AA13EB /* H.W Dammam city */;
			targetProxy = 9D051FFD274CFE2400AA13EB /* PBXContainerItemProxy */;
		};
		9D052008274CFE2500AA13EB /* PBXTargetDependency */ = {
			isa = PBXTargetDependency;
			target = 9D051FE5274CFE2300AA13EB /* H.W Dammam city */;
			targetProxy = 9D052007274CFE2500AA13EB /* PBXContainerItemProxy */;
		};
/* End PBXTargetDependency section */

/* Begin PBXVariantGroup section */
		9D051FEF274CFE2300AA13EB /* Main.storyboard */ = {
			isa = PBXVariantGroup;
			children = (
				9D051FF0274CFE2300AA13EB /* Base */,
			);
			name = Main.storyboard;
			sourceTree = "<group>";
		};
		9D051FF4274CFE2400AA13EB /* LaunchScreen.storyboard */ = {
			isa = PBXVariantGroup;
			children = (
				9D051FF5274CFE2400AA13EB /* Base */,
			);
			name = LaunchScreen.storyboard;
			sourceTree = "<group>";
		};
/* End PBXVariantGroup section */

/* Begin XCBuildConfiguration section */
		9D05200E274CFE2500AA13EB /* Debug */ = {
			isa = XCBuildConfiguration;
			buildSettings = {
				ALWAYS_SEARCH_USER_PATHS = NO;
				CLANG_ANALYZER_NONNULL = YES;
				CLANG_ANALYZER_NUMBER_OBJECT_CONVERSION = YES_AGGRESSIVE;
				CLANG_CXX_LANGUAGE_STANDARD = "gnu++17";
				CLANG_CXX_LIBRARY = "libc++";
				CLANG_ENABLE_MODULES = YES;
				CLANG_ENABLE_OBJC_ARC = YES;
				CLANG_ENABLE_OBJC_WEAK = YES;
				CLANG_WARN_BLOCK_CAPTURE_AUTORELEASING = YES;
				CLANG_WARN_BOOL_CONVERSION = YES;
				CLANG_WARN_COMMA = YES;
				CLANG_WARN_CONSTANT_CONVERSION = YES;
				CLANG_WARN_DEPRECATED_OBJC_IMPLEMENTATIONS = YES;
				CLANG_WARN_DIRECT_OBJC_ISA_USAGE = YES_ERROR;
				CLANG_WARN_DOCUMENTATION_COMMENTS = YES;
				CLANG_WARN_EMPTY_BODY = YES;
				CLANG_WARN_ENUM_CONVERSION = YES;
				CLANG_WARN_INFINITE_RECURSION = YES;
				CLANG_WARN_INT_CONVERSION = YES;
				CLANG_WARN_NON_LITERAL_NULL_CONVERSION = YES;
				CLANG_WARN_OBJC_IMPLICIT_RETAIN_SELF = YES;
				CLANG_WARN_OBJC_LITERAL_CONVERSION = YES;
				CLANG_WARN_OBJC_ROOT_CLASS = YES_ERROR;
				CLANG_WARN_QUOTED_INCLUDE_IN_FRAMEWORK_HEADER = YES;
				CLANG_WARN_RANGE_LOOP_ANALYSIS = YES;
				CLANG_WARN_STRICT_PROTOTYPES = YES;
				CLANG_WARN_SUSPICIOUS_MOVE = YES;
				CLANG_WARN_UNGUARDED_AVAILABILITY = YES_AGGRESSIVE;
				CLANG_WARN_UNREACHABLE_CODE = YES;
				CLANG_WARN__DUPLICATE_METHOD_MATCH = YES;
				COPY_PHASE_STRIP = NO;
				DEBUG_INFORMATION_FORMAT = dwarf;
				ENABLE_STRICT_OBJC_MSGSEND = YES;
				ENABLE_TESTABILITY = YES;
				GCC_C_LANGUAGE_STANDARD = gnu11;
				GCC_DYNAMIC_NO_PIC = NO;
				GCC_NO_COMMON_BLOCKS = YES;
				GCC_OPTIMIZATION_LEVEL = 0;
				GCC_PREPROCESSOR_DEFINITIONS = (
					"DEBUG=1",
					"$(inherited)",
				);
				GCC_WARN_64_TO_32_BIT_CONVERSION = YES;
				GCC_WARN_ABOUT_RETURN_TYPE = YES_ERROR;
				GCC_WARN_UNDECLARED_SELECTOR = YES;
				GCC_WARN_UNINITIALIZED_AUTOS = YES_AGGRESSIVE;
				GCC_WARN_UNUSED_FUNCTION = YES;
				GCC_WARN_UNUSED_VARIABLE = YES;
				IPHONEOS_DEPLOYMENT_TARGET = 15.0;
				MTL_ENABLE_DEBUG_INFO = INCLUDE_SOURCE;
				MTL_FAST_MATH = YES;
				ONLY_ACTIVE_ARCH = YES;
				SDKROOT = iphoneos;
				SWIFT_ACTIVE_COMPILATION_CONDITIONS = DEBUG;
				SWIFT_OPTIMIZATION_LEVEL = "-Onone";
			};
			name = Debug;
		};
		9D05200F274CFE2500AA13EB /* Release */ = {
			isa = XCBuildConfiguration;
			buildSettings = {
				ALWAYS_SEARCH_USER_PATHS = NO;
				CLANG_ANALYZER_NONNULL = YES;
				CLANG_ANALYZER_NUMBER_OBJECT_CONVERSION = YES_AGGRESSIVE;
				CLANG_CXX_LANGUAGE_STANDARD = "gnu++17";
				CLANG_CXX_LIBRARY = "libc++";
				CLANG_ENABLE_MODULES = YES;
				CLANG_ENABLE_OBJC_ARC = YES;
				CLANG_ENABLE_OBJC_WEAK = YES;
				CLANG_WARN_BLOCK_CAPTURE_AUTORELEASING = YES;
				CLANG_WARN_BOOL_CONVERSION = YES;
				CLANG_WARN_COMMA = YES;
				CLANG_WARN_CONSTANT_CONVERSION = YES;
				CLANG_WARN_DEPRECATED_OBJC_IMPLEMENTATIONS = YES;
				CLANG_WARN_DIRECT_OBJC_ISA_USAGE = YES_ERROR;
				CLANG_WARN_DOCUMENTATION_COMMENTS = YES;
				CLANG_WARN_EMPTY_BODY = YES;
				CLANG_WARN_ENUM_CONVERSION = YES;
				CLANG_WARN_INFINITE_RECURSION = YES;
				CLANG_WARN_INT_CONVERSION = YES;
				CLANG_WARN_NON_LITERAL_NULL_CONVERSION = YES;
				CLANG_WARN_OBJC_IMPLICIT_RETAIN_SELF = YES;
				CLANG_WARN_OBJC_LITERAL_CONVERSION = YES;
				CLANG_WARN_OBJC_ROOT_CLASS = YES_ERROR;
				CLANG_WARN_QUOTED_INCLUDE_IN_FRAMEWORK_HEADER = YES;
				CLANG_WARN_RANGE_LOOP_ANALYSIS = YES;
				CLANG_WARN_STRICT_PROTOTYPES = YES;
				CLANG_WARN_SUSPICIOUS_MOVE = YES;
				CLANG_WARN_UNGUARDED_AVAILABILITY = YES_AGGRESSIVE;
				CLANG_WARN_UNREACHABLE_CODE = YES;
				CLANG_WARN__DUPLICATE_METHOD_MATCH = YES;
				COPY_PHASE_STRIP = NO;
				DEBUG_INFORMATION_FORMAT = "dwarf-with-dsym";
				ENABLE_NS_ASSERTIONS = NO;
				ENABLE_STRICT_OBJC_MSGSEND = YES;
				GCC_C_LANGUAGE_STANDARD = gnu11;
				GCC_NO_COMMON_BLOCKS = YES;
				GCC_WARN_64_TO_32_BIT_CONVERSION = YES;
				GCC_WARN_ABOUT_RETURN_TYPE = YES_ERROR;
				GCC_WARN_UNDECLARED_SELECTOR = YES;
				GCC_WARN_UNINITIALIZED_AUTOS = YES_AGGRESSIVE;
				GCC_WARN_UNUSED_FUNCTION = YES;
				GCC_WARN_UNUSED_VARIABLE = YES;
				IPHONEOS_DEPLOYMENT_TARGET = 15.0;
				MTL_ENABLE_DEBUG_INFO = NO;
				MTL_FAST_MATH = YES;
				SDKROOT = iphoneos;
				SWIFT_COMPILATION_MODE = wholemodule;
				SWIFT_OPTIMIZATION_LEVEL = "-O";
				VALIDATE_PRODUCT = YES;
			};
			name = Release;
		};
		9D052011274CFE2500AA13EB /* Debug */ = {
			isa = XCBuildConfiguration;
			buildSettings = {
				ASSETCATALOG_COMPILER_APPICON_NAME = AppIcon;
				ASSETCATALOG_COMPILER_GLOBAL_ACCENT_COLOR_NAME = AccentColor;
				CODE_SIGN_STYLE = Automatic;
				CURRENT_PROJECT_VERSION = 1;
				GENERATE_INFOPLIST_FILE = YES;
				INFOPLIST_FILE = "H.W Dammam city/Info.plist";
				INFOPLIST_KEY_UIApplicationSupportsIndirectInputEvents = YES;
				INFOPLIST_KEY_UILaunchStoryboardName = LaunchScreen;
				INFOPLIST_KEY_UIMainStoryboardFile = Main;
				INFOPLIST_KEY_UISupportedInterfaceOrientations_iPad = "UIInterfaceOrientationPortrait UIInterfaceOrientationPortraitUpsideDown UIInterfaceOrientationLandscapeLeft UIInterfaceOrientationLandscapeRight";
				INFOPLIST_KEY_UISupportedInterfaceOrientations_iPhone = "UIInterfaceOrientationPortrait UIInterfaceOrientationLandscapeLeft UIInterfaceOrientationLandscapeRight";
				LD_RUNPATH_SEARCH_PATHS = (
					"$(inherited)",
					"@executable_path/Frameworks",
				);
				MARKETING_VERSION = 1.0;
				PRODUCT_BUNDLE_IDENTIFIER = "com.googel.H-W-Dammam-city";
				PRODUCT_NAME = "$(TARGET_NAME)";
				SWIFT_EMIT_LOC_STRINGS = YES;
				SWIFT_VERSION = 5.0;
				TARGETED_DEVICE_FAMILY = "1,2";
			};
			name = Debug;
		};
		9D052012274CFE2500AA13EB /* Release */ = {
			isa = XCBuildConfiguration;
			buildSettings = {
				ASSETCATALOG_COMPILER_APPICON_NAME = AppIcon;
				ASSETCATALOG_COMPILER_GLOBAL_ACCENT_COLOR_NAME = AccentColor;
				CODE_SIGN_STYLE = Automatic;
				CURRENT_PROJECT_VERSION = 1;
				GENERATE_INFOPLIST_FILE = YES;
				INFOPLIST_FILE = "H.W Dammam city/Info.plist";
				INFOPLIST_KEY_UIApplicationSupportsIndirectInputEvents = YES;
				INFOPLIST_KEY_UILaunchStoryboardName = LaunchScreen;
				INFOPLIST_KEY_UIMainStoryboardFile = Main;
				INFOPLIST_KEY_UISupportedInterfaceOrientations_iPad = "UIInterfaceOrientationPortrait UIInterfaceOrientationPortraitUpsideDown UIInterfaceOrientationLandscapeLeft UIInterfaceOrientationLandscapeRight";
				INFOPLIST_KEY_UISupportedInterfaceOrientations_iPhone = "UIInterfaceOrientationPortrait UIInterfaceOrientationLandscapeLeft UIInterfaceOrientationLandscapeRight";
				LD_RUNPATH_SEARCH_PATHS = (
					"$(inherited)",
					"@executable_path/Frameworks",
				);
				MARKETING_VERSION = 1.0;
				PRODUCT_BUNDLE_IDENTIFIER = "com.googel.H-W-Dammam-city";
				PRODUCT_NAME = "$(TARGET_NAME)";
				SWIFT_EMIT_LOC_STRINGS = YES;
				SWIFT_VERSION = 5.0;
				TARGETED_DEVICE_FAMILY = "1,2";
			};
			name = Release;
		};
		9D052014274CFE2500AA13EB /* Debug */ = {
			isa = XCBuildConfiguration;
			buildSettings = {
				ALWAYS_EMBED_SWIFT_STANDARD_LIBRARIES = YES;
				BUNDLE_LOADER = "$(TEST_HOST)";
				CODE_SIGN_STYLE = Automatic;
				CURRENT_PROJECT_VERSION = 1;
				GENERATE_INFOPLIST_FILE = YES;
				IPHONEOS_DEPLOYMENT_TARGET = 15.0;
				LD_RUNPATH_SEARCH_PATHS = (
					"$(inherited)",
					"@executable_path/Frameworks",
					"@loader_path/Frameworks",
				);
				MARKETING_VERSION = 1.0;
				PRODUCT_BUNDLE_IDENTIFIER = "com.googel.H-W-Dammam-cityTests";
				PRODUCT_NAME = "$(TARGET_NAME)";
				SWIFT_EMIT_LOC_STRINGS = NO;
				SWIFT_VERSION = 5.0;
				TARGETED_DEVICE_FAMILY = "1,2";
				TEST_HOST = "$(BUILT_PRODUCTS_DIR)/H.W Dammam city.app/H.W Dammam city";
			};
			name = Debug;
		};
		9D052015274CFE2500AA13EB /* Release */ = {
			isa = XCBuildConfiguration;
			buildSettings = {
				ALWAYS_EMBED_SWIFT_STANDARD_LIBRARIES = YES;
				BUNDLE_LOADER = "$(TEST_HOST)";
				CODE_SIGN_STYLE = Automatic;
				CURRENT_PROJECT_VERSION = 1;
				GENERATE_INFOPLIST_FILE = YES;
				IPHONEOS_DEPLOYMENT_TARGET = 15.0;
				LD_RUNPATH_SEARCH_PATHS = (
					"$(inherited)",
					"@executable_path/Frameworks",
					"@loader_path/Frameworks",
				);
				MARKETING_VERSION = 1.0;
				PRODUCT_BUNDLE_IDENTIFIER = "com.googel.H-W-Dammam-cityTests";
				PRODUCT_NAME = "$(TARGET_NAME)";
				SWIFT_EMIT_LOC_STRINGS = NO;
				SWIFT_VERSION = 5.0;
				TARGETED_DEVICE_FAMILY = "1,2";
				TEST_HOST = "$(BUILT_PRODUCTS_DIR)/H.W Dammam city.app/H.W Dammam city";
			};
			name = Release;
		};
		9D052017274CFE2500AA13EB /* Debug */ = {
			isa = XCBuildConfiguration;
			buildSettings = {
				ALWAYS_EMBED_SWIFT_STANDARD_LIBRARIES = YES;
				CODE_SIGN_STYLE = Automatic;
				CURRENT_PROJECT_VERSION = 1;
				GENERATE_INFOPLIST_FILE = YES;
				LD_RUNPATH_SEARCH_PATHS = (
					"$(inherited)",
					"@executable_path/Frameworks",
					"@loader_path/Frameworks",
				);
				MARKETING_VERSION = 1.0;
				PRODUCT_BUNDLE_IDENTIFIER = "com.googel.H-W-Dammam-cityUITests";
				PRODUCT_NAME = "$(TARGET_NAME)";
				SWIFT_EMIT_LOC_STRINGS = NO;
				SWIFT_VERSION = 5.0;
				TARGETED_DEVICE_FAMILY = "1,2";
				TEST_TARGET_NAME = "H.W Dammam city";
			};
			name = Debug;
		};
		9D052018274CFE2500AA13EB /* Release */ = {
			isa = XCBuildConfiguration;
			buildSettings = {
				ALWAYS_EMBED_SWIFT_STANDARD_LIBRARIES = YES;
				CODE_SIGN_STYLE = Automatic;
				CURRENT_PROJECT_VERSION = 1;
				GENERATE_INFOPLIST_FILE = YES;
				LD_RUNPATH_SEARCH_PATHS = (
					"$(inherited)",
					"@executable_path/Frameworks",
					"@loader_path/Frameworks",
				);
				MARKETING_VERSION = 1.0;
				PRODUCT_BUNDLE_IDENTIFIER = "com.googel.H-W-Dammam-cityUITests";
				PRODUCT_NAME = "$(TARGET_NAME)";
				SWIFT_EMIT_LOC_STRINGS = NO;
				SWIFT_VERSION = 5.0;
				TARGETED_DEVICE_FAMILY = "1,2";
				TEST_TARGET_NAME = "H.W Dammam city";
			};
			name = Release;
		};
/* End XCBuildConfiguration section */

/* Begin XCConfigurationList section */
		9D051FE1274CFE2300AA13EB /* Build configuration list for PBXProject "H.W Dammam city" */ = {
			isa = XCConfigurationList;
			buildConfigurations = (
				9D05200E274CFE2500AA13EB /* Debug */,
				9D05200F274CFE2500AA13EB /* Release */,
			);
			defaultConfigurationIsVisible = 0;
			defaultConfigurationName = Release;
		};
		9D052010274CFE2500AA13EB /* Build configuration list for PBXNativeTarget "H.W Dammam city" */ = {
			isa = XCConfigurationList;
			buildConfigurations = (
				9D052011274CFE2500AA13EB /* Debug */,
				9D052012274CFE2500AA13EB /* Release */,
			);
			defaultConfigurationIsVisible = 0;
			defaultConfigurationName = Release;
		};
		9D052013274CFE2500AA13EB /* Build configuration list for PBXNativeTarget "H.W Dammam cityTests" */ = {
			isa = XCConfigurationList;
			buildConfigurations = (
				9D052014274CFE2500AA13EB /* Debug */,
				9D052015274CFE2500AA13EB /* Release */,
			);
			defaultConfigurationIsVisible = 0;
			defaultConfigurationName = Release;
		};
		9D052016274CFE2500AA13EB /* Build configuration list for PBXNativeTarget "H.W Dammam cityUITests" */ = {
			isa = XCConfigurationList;
			buildConfigurations = (
				9D052017274CFE2500AA13EB /* Debug */,
				9D052018274CFE2500AA13EB /* Release */,
			);
			defaultConfigurationIsVisible = 0;
			defaultConfigurationName = Release;
		};
/* End XCConfigurationList section */
	};
	rootObject = 9D051FDE274CFE2300AA13EB /* Project object */;
}
